// !$*UTF8*$!
{
	archiveVersion = 1;
	classes = {
	};
	objectVersion = 55;
	objects = {

/* Begin PBXBuildFile section */
		644634C43AACE0706496E8ED /* Pods_GirlsForGirls.framework in Frameworks */ = {isa = PBXBuildFile; fileRef = E5FE9BD021A6269E620A205F /* Pods_GirlsForGirls.framework */; };
		DF53365129A76A8C005A5351 /* ViewControllerType.swift in Sources */ = {isa = PBXBuildFile; fileRef = DF53365029A76A8C005A5351 /* ViewControllerType.swift */; };
		DF54C1DD29A0CE3C00F97608 /* AppDelegate.swift in Sources */ = {isa = PBXBuildFile; fileRef = DF54C1DC29A0CE3C00F97608 /* AppDelegate.swift */; };
		DF54C1DF29A0CE3C00F97608 /* SceneDelegate.swift in Sources */ = {isa = PBXBuildFile; fileRef = DF54C1DE29A0CE3C00F97608 /* SceneDelegate.swift */; };
		DF54C1E129A0CE3C00F97608 /* LoginViewController.swift in Sources */ = {isa = PBXBuildFile; fileRef = DF54C1E029A0CE3C00F97608 /* LoginViewController.swift */; };
		DF54C1E929A0CE4100F97608 /* LaunchScreen.storyboard in Resources */ = {isa = PBXBuildFile; fileRef = DF54C1E729A0CE4100F97608 /* LaunchScreen.storyboard */; };
		DF54C1F829A0CF7100F97608 /* TextField.swift in Sources */ = {isa = PBXBuildFile; fileRef = DF54C1F729A0CF7100F97608 /* TextField.swift */; };
		DF54C1FA29A0D02400F97608 /* PasswordTextfield.swift in Sources */ = {isa = PBXBuildFile; fileRef = DF54C1F929A0D02400F97608 /* PasswordTextfield.swift */; };
		DF54C1FC29A29D0200F97608 /* Textfield.swift in Sources */ = {isa = PBXBuildFile; fileRef = DF54C1FB29A29D0100F97608 /* Textfield.swift */; };
		DF54C1FE29A2AB6D00F97608 /* UIColor.swift in Sources */ = {isa = PBXBuildFile; fileRef = DF54C1FD29A2AB6D00F97608 /* UIColor.swift */; };
		DF54C22C29A2C5E000F97608 /* Button.swift in Sources */ = {isa = PBXBuildFile; fileRef = DF54C22B29A2C5E000F97608 /* Button.swift */; };
		DF54C23029A3564000F97608 /* ForgotPassword.swift in Sources */ = {isa = PBXBuildFile; fileRef = DF54C22F29A3564000F97608 /* ForgotPassword.swift */; };
		DF54C23229A363F500F97608 /* VerifyCodeFields.swift in Sources */ = {isa = PBXBuildFile; fileRef = DF54C23129A363F500F97608 /* VerifyCodeFields.swift */; };
		DF54C23429A37AB300F97608 /* SetNewPassword.swift in Sources */ = {isa = PBXBuildFile; fileRef = DF54C23329A37AB300F97608 /* SetNewPassword.swift */; };
		DF54C23829A383D000F97608 /* BaseViewController.swift in Sources */ = {isa = PBXBuildFile; fileRef = DF54C23729A383D000F97608 /* BaseViewController.swift */; };
		DF54C23A29A390C400F97608 /* Welcome.swift in Sources */ = {isa = PBXBuildFile; fileRef = DF54C23929A390C400F97608 /* Welcome.swift */; };
		DF54C23D29A395A600F97608 /* RegisterViewController.swift in Sources */ = {isa = PBXBuildFile; fileRef = DF54C23C29A395A600F97608 /* RegisterViewController.swift */; };
		DF54C24029A39C3300F97608 /* ChooseCity.swift in Sources */ = {isa = PBXBuildFile; fileRef = DF54C23F29A39C3300F97608 /* ChooseCity.swift */; };
		DF54C24329A51D9100F97608 /* VerificationViewController.swift in Sources */ = {isa = PBXBuildFile; fileRef = DF54C24229A51D9100F97608 /* VerificationViewController.swift */; };
		DF54C24529A538A000F97608 /* Assets.xcassets in Resources */ = {isa = PBXBuildFile; fileRef = DF54C24429A538A000F97608 /* Assets.xcassets */; };
		DF54C24729A543F800F97608 /* Label.swift in Sources */ = {isa = PBXBuildFile; fileRef = DF54C24629A543F800F97608 /* Label.swift */; };
		DF54C24A29A55A0900F97608 /* TabBarController.swift in Sources */ = {isa = PBXBuildFile; fileRef = DF54C24929A55A0900F97608 /* TabBarController.swift */; };
		DFB7F60029A76B9100C76920 /* MainViewController.swift in Sources */ = {isa = PBXBuildFile; fileRef = DFB7F5FF29A76B9100C76920 /* MainViewController.swift */; };
		DFB7F60329A76BD000C76920 /* MentorsViewController.swift in Sources */ = {isa = PBXBuildFile; fileRef = DFB7F60229A76BD000C76920 /* MentorsViewController.swift */; };
		DFB7F60629A76BFC00C76920 /* StoreVIewController.swift in Sources */ = {isa = PBXBuildFile; fileRef = DFB7F60529A76BFC00C76920 /* StoreVIewController.swift */; };
		DFB7F60929A76C1E00C76920 /* ProfileViewController.swift in Sources */ = {isa = PBXBuildFile; fileRef = DFB7F60829A76C1E00C76920 /* ProfileViewController.swift */; };
		DFB7F60B29A777B800C76920 /* HeaderView.swift in Sources */ = {isa = PBXBuildFile; fileRef = DFB7F60A29A777B800C76920 /* HeaderView.swift */; };
		DFB7F60D29A7D61100C76920 /* PostsCollectionViewCell.swift in Sources */ = {isa = PBXBuildFile; fileRef = DFB7F60C29A7D61100C76920 /* PostsCollectionViewCell.swift */; };
		DFB7F61029A7D68400C76920 /* CollectionView.swift in Sources */ = {isa = PBXBuildFile; fileRef = DFB7F60F29A7D68400C76920 /* CollectionView.swift */; };
		DFB7F61229A7E5BA00C76920 /* PostsViewCellModel.swift in Sources */ = {isa = PBXBuildFile; fileRef = DFB7F61129A7E5BA00C76920 /* PostsViewCellModel.swift */; };
		DFB7F61529A90C1E00C76920 /* GoogleService-Info.plist in Resources */ = {isa = PBXBuildFile; fileRef = DFB7F61429A90C1E00C76920 /* GoogleService-Info.plist */; };
		DFB7F61729A916E900C76920 /* FieldValidations.swift in Sources */ = {isa = PBXBuildFile; fileRef = DFB7F61629A916E900C76920 /* FieldValidations.swift */; };
		DFB7F61929A92F4E00C76920 /* PhoneField.swift in Sources */ = {isa = PBXBuildFile; fileRef = DFB7F61829A92F4E00C76920 /* PhoneField.swift */; };
		DFB7F61B29A936DC00C76920 /* LoginViewModel.swift in Sources */ = {isa = PBXBuildFile; fileRef = DFB7F61A29A936DB00C76920 /* LoginViewModel.swift */; };
		DFB7F61F29A939CA00C76920 /* AuthManager.swift in Sources */ = {isa = PBXBuildFile; fileRef = DFB7F61E29A939CA00C76920 /* AuthManager.swift */; };
		DFB7F62129A9529E00C76920 /* VerificationViewModel.swift in Sources */ = {isa = PBXBuildFile; fileRef = DFB7F62029A9529E00C76920 /* VerificationViewModel.swift */; };
		DFB7F62329A95A0E00C76920 /* ForgotPasswordViewModel.swift in Sources */ = {isa = PBXBuildFile; fileRef = DFB7F62229A95A0E00C76920 /* ForgotPasswordViewModel.swift */; };
		DFB7F62529A9764900C76920 /* ChooseCityViewModel.swift in Sources */ = {isa = PBXBuildFile; fileRef = DFB7F62429A9764900C76920 /* ChooseCityViewModel.swift */; };
		DFC3F5D629C34A1700A5AA9A /* UIView.swift in Sources */ = {isa = PBXBuildFile; fileRef = DFC3F5D529C34A1700A5AA9A /* UIView.swift */; };
		DFC3F5D829C4626D00A5AA9A /* MainViewModel.swift in Sources */ = {isa = PBXBuildFile; fileRef = DFC3F5D729C4626D00A5AA9A /* MainViewModel.swift */; };
		DFC3F5DB29C4834300A5AA9A /* NetworkService.swift in Sources */ = {isa = PBXBuildFile; fileRef = DFC3F5DA29C4834300A5AA9A /* NetworkService.swift */; };
		DFC3F5DE29C4854600A5AA9A /* HttpHeader.swift in Sources */ = {isa = PBXBuildFile; fileRef = DFC3F5DD29C4854600A5AA9A /* HttpHeader.swift */; };
		DFC3F5E029C4857F00A5AA9A /* HttpMethod.swift in Sources */ = {isa = PBXBuildFile; fileRef = DFC3F5DF29C4857F00A5AA9A /* HttpMethod.swift */; };
		DFC3F5E229C49FF500A5AA9A /* NetworkErrors.swift in Sources */ = {isa = PBXBuildFile; fileRef = DFC3F5E129C49FF500A5AA9A /* NetworkErrors.swift */; };
		DFC3F5E429C4A03D00A5AA9A /* ProResult.swift in Sources */ = {isa = PBXBuildFile; fileRef = DFC3F5E329C4A03D00A5AA9A /* ProResult.swift */; };
		DFC3F5E629C4A09300A5AA9A /* FailureModel.swift in Sources */ = {isa = PBXBuildFile; fileRef = DFC3F5E529C4A09300A5AA9A /* FailureModel.swift */; };
		DFC3F5E829C4A0EC00A5AA9A /* StatusCode.swift in Sources */ = {isa = PBXBuildFile; fileRef = DFC3F5E729C4A0EC00A5AA9A /* StatusCode.swift */; };
		DFC3F5EB29C4A8E000A5AA9A /* BaseRouter.swift in Sources */ = {isa = PBXBuildFile; fileRef = DFC3F5EA29C4A8E000A5AA9A /* BaseRouter.swift */; };
		DFC3F5ED29C4AA1B00A5AA9A /* UserDefaultsService.swift in Sources */ = {isa = PBXBuildFile; fileRef = DFC3F5EC29C4AA1B00A5AA9A /* UserDefaultsService.swift */; };
		DFC3F5EF29C7754500A5AA9A /* LoginRouter.swift in Sources */ = {isa = PBXBuildFile; fileRef = DFC3F5EE29C7754400A5AA9A /* LoginRouter.swift */; };
		DFC3F5F129C7834800A5AA9A /* LoginService.swift in Sources */ = {isa = PBXBuildFile; fileRef = DFC3F5F029C7834800A5AA9A /* LoginService.swift */; };
		DFC3F5F329C7835600A5AA9A /* LoginServiceModel.swift in Sources */ = {isa = PBXBuildFile; fileRef = DFC3F5F229C7835600A5AA9A /* LoginServiceModel.swift */; };
		DFC3F5F529C7843300A5AA9A /* RegisterServiceModel.swift in Sources */ = {isa = PBXBuildFile; fileRef = DFC3F5F429C7843300A5AA9A /* RegisterServiceModel.swift */; };
		DFC3F5F729C784E100A5AA9A /* RegisterRouter.swift in Sources */ = {isa = PBXBuildFile; fileRef = DFC3F5F629C784E100A5AA9A /* RegisterRouter.swift */; };
		DFC3F5F929C7867400A5AA9A /* RegisterViewModel.swift in Sources */ = {isa = PBXBuildFile; fileRef = DFC3F5F829C7867400A5AA9A /* RegisterViewModel.swift */; };
		DFC3F5FB29CB3D6500A5AA9A /* TryAgainResult.swift in Sources */ = {isa = PBXBuildFile; fileRef = DFC3F5FA29CB3D6400A5AA9A /* TryAgainResult.swift */; };
		DFC3F5FD29CB6D8900A5AA9A /* ChangePassword.swift in Sources */ = {isa = PBXBuildFile; fileRef = DFC3F5FC29CB6D8900A5AA9A /* ChangePassword.swift */; };
/* End PBXBuildFile section */

/* Begin PBXFileReference section */
		6C7AB199A8222AEA729914BA /* Pods-GirlsForGirls.release.xcconfig */ = {isa = PBXFileReference; includeInIndex = 1; lastKnownFileType = text.xcconfig; name = "Pods-GirlsForGirls.release.xcconfig"; path = "Target Support Files/Pods-GirlsForGirls/Pods-GirlsForGirls.release.xcconfig"; sourceTree = "<group>"; };
		DF53365029A76A8C005A5351 /* ViewControllerType.swift */ = {isa = PBXFileReference; lastKnownFileType = sourcecode.swift; path = ViewControllerType.swift; sourceTree = "<group>"; };
		DF54C1D929A0CE3C00F97608 /* GirlsForGirls.app */ = {isa = PBXFileReference; explicitFileType = wrapper.application; includeInIndex = 0; path = GirlsForGirls.app; sourceTree = BUILT_PRODUCTS_DIR; };
		DF54C1DC29A0CE3C00F97608 /* AppDelegate.swift */ = {isa = PBXFileReference; lastKnownFileType = sourcecode.swift; path = AppDelegate.swift; sourceTree = "<group>"; };
		DF54C1DE29A0CE3C00F97608 /* SceneDelegate.swift */ = {isa = PBXFileReference; lastKnownFileType = sourcecode.swift; path = SceneDelegate.swift; sourceTree = "<group>"; };
		DF54C1E029A0CE3C00F97608 /* LoginViewController.swift */ = {isa = PBXFileReference; lastKnownFileType = sourcecode.swift; path = LoginViewController.swift; sourceTree = "<group>"; };
		DF54C1E829A0CE4100F97608 /* Base */ = {isa = PBXFileReference; lastKnownFileType = file.storyboard; name = Base; path = Base.lproj/LaunchScreen.storyboard; sourceTree = "<group>"; };
		DF54C1EA29A0CE4100F97608 /* Info.plist */ = {isa = PBXFileReference; lastKnownFileType = text.plist.xml; path = Info.plist; sourceTree = "<group>"; };
		DF54C1F729A0CF7100F97608 /* TextField.swift */ = {isa = PBXFileReference; lastKnownFileType = sourcecode.swift; path = TextField.swift; sourceTree = "<group>"; };
		DF54C1F929A0D02400F97608 /* PasswordTextfield.swift */ = {isa = PBXFileReference; lastKnownFileType = sourcecode.swift; path = PasswordTextfield.swift; sourceTree = "<group>"; };
		DF54C1FB29A29D0100F97608 /* Textfield.swift */ = {isa = PBXFileReference; lastKnownFileType = sourcecode.swift; path = Textfield.swift; sourceTree = "<group>"; };
		DF54C1FD29A2AB6D00F97608 /* UIColor.swift */ = {isa = PBXFileReference; lastKnownFileType = sourcecode.swift; path = UIColor.swift; sourceTree = "<group>"; };
		DF54C20829A2B5B200F97608 /* swiftgen.yml */ = {isa = PBXFileReference; lastKnownFileType = text.yaml; path = swiftgen.yml; sourceTree = "<group>"; };
		DF54C22B29A2C5E000F97608 /* Button.swift */ = {isa = PBXFileReference; lastKnownFileType = sourcecode.swift; path = Button.swift; sourceTree = "<group>"; };
		DF54C22F29A3564000F97608 /* ForgotPassword.swift */ = {isa = PBXFileReference; lastKnownFileType = sourcecode.swift; path = ForgotPassword.swift; sourceTree = "<group>"; };
		DF54C23129A363F500F97608 /* VerifyCodeFields.swift */ = {isa = PBXFileReference; lastKnownFileType = sourcecode.swift; path = VerifyCodeFields.swift; sourceTree = "<group>"; };
		DF54C23329A37AB300F97608 /* SetNewPassword.swift */ = {isa = PBXFileReference; lastKnownFileType = sourcecode.swift; path = SetNewPassword.swift; sourceTree = "<group>"; };
		DF54C23729A383D000F97608 /* BaseViewController.swift */ = {isa = PBXFileReference; lastKnownFileType = sourcecode.swift; path = BaseViewController.swift; sourceTree = "<group>"; };
		DF54C23929A390C400F97608 /* Welcome.swift */ = {isa = PBXFileReference; lastKnownFileType = sourcecode.swift; path = Welcome.swift; sourceTree = "<group>"; };
		DF54C23C29A395A600F97608 /* RegisterViewController.swift */ = {isa = PBXFileReference; lastKnownFileType = sourcecode.swift; path = RegisterViewController.swift; sourceTree = "<group>"; };
		DF54C23F29A39C3300F97608 /* ChooseCity.swift */ = {isa = PBXFileReference; lastKnownFileType = sourcecode.swift; path = ChooseCity.swift; sourceTree = "<group>"; };
		DF54C24229A51D9100F97608 /* VerificationViewController.swift */ = {isa = PBXFileReference; lastKnownFileType = sourcecode.swift; path = VerificationViewController.swift; sourceTree = "<group>"; };
		DF54C24429A538A000F97608 /* Assets.xcassets */ = {isa = PBXFileReference; lastKnownFileType = folder.assetcatalog; name = Assets.xcassets; path = swiftgen/Assets.xcassets; sourceTree = "<group>"; };
		DF54C24629A543F800F97608 /* Label.swift */ = {isa = PBXFileReference; lastKnownFileType = sourcecode.swift; path = Label.swift; sourceTree = "<group>"; };
		DF54C24929A55A0900F97608 /* TabBarController.swift */ = {isa = PBXFileReference; lastKnownFileType = sourcecode.swift; path = TabBarController.swift; sourceTree = "<group>"; };
		DFB7F5FF29A76B9100C76920 /* MainViewController.swift */ = {isa = PBXFileReference; lastKnownFileType = sourcecode.swift; path = MainViewController.swift; sourceTree = "<group>"; };
		DFB7F60229A76BD000C76920 /* MentorsViewController.swift */ = {isa = PBXFileReference; lastKnownFileType = sourcecode.swift; path = MentorsViewController.swift; sourceTree = "<group>"; };
		DFB7F60529A76BFC00C76920 /* StoreVIewController.swift */ = {isa = PBXFileReference; lastKnownFileType = sourcecode.swift; path = StoreVIewController.swift; sourceTree = "<group>"; };
		DFB7F60829A76C1E00C76920 /* ProfileViewController.swift */ = {isa = PBXFileReference; lastKnownFileType = sourcecode.swift; path = ProfileViewController.swift; sourceTree = "<group>"; };
		DFB7F60A29A777B800C76920 /* HeaderView.swift */ = {isa = PBXFileReference; lastKnownFileType = sourcecode.swift; path = HeaderView.swift; sourceTree = "<group>"; };
		DFB7F60C29A7D61100C76920 /* PostsCollectionViewCell.swift */ = {isa = PBXFileReference; lastKnownFileType = sourcecode.swift; path = PostsCollectionViewCell.swift; sourceTree = "<group>"; };
		DFB7F60F29A7D68400C76920 /* CollectionView.swift */ = {isa = PBXFileReference; lastKnownFileType = sourcecode.swift; path = CollectionView.swift; sourceTree = "<group>"; };
		DFB7F61129A7E5BA00C76920 /* PostsViewCellModel.swift */ = {isa = PBXFileReference; lastKnownFileType = sourcecode.swift; path = PostsViewCellModel.swift; sourceTree = "<group>"; };
		DFB7F61429A90C1E00C76920 /* GoogleService-Info.plist */ = {isa = PBXFileReference; fileEncoding = 4; lastKnownFileType = text.plist.xml; name = "GoogleService-Info.plist"; path = "../../../../Downloads/GoogleService-Info.plist"; sourceTree = "<group>"; };
		DFB7F61629A916E900C76920 /* FieldValidations.swift */ = {isa = PBXFileReference; lastKnownFileType = sourcecode.swift; path = FieldValidations.swift; sourceTree = "<group>"; };
		DFB7F61829A92F4E00C76920 /* PhoneField.swift */ = {isa = PBXFileReference; lastKnownFileType = sourcecode.swift; path = PhoneField.swift; sourceTree = "<group>"; };
		DFB7F61A29A936DB00C76920 /* LoginViewModel.swift */ = {isa = PBXFileReference; lastKnownFileType = sourcecode.swift; path = LoginViewModel.swift; sourceTree = "<group>"; };
		DFB7F61E29A939CA00C76920 /* AuthManager.swift */ = {isa = PBXFileReference; lastKnownFileType = sourcecode.swift; path = AuthManager.swift; sourceTree = "<group>"; };
		DFB7F62029A9529E00C76920 /* VerificationViewModel.swift */ = {isa = PBXFileReference; lastKnownFileType = sourcecode.swift; path = VerificationViewModel.swift; sourceTree = "<group>"; };
		DFB7F62229A95A0E00C76920 /* ForgotPasswordViewModel.swift */ = {isa = PBXFileReference; lastKnownFileType = sourcecode.swift; path = ForgotPasswordViewModel.swift; sourceTree = "<group>"; };
		DFB7F62429A9764900C76920 /* ChooseCityViewModel.swift */ = {isa = PBXFileReference; lastKnownFileType = sourcecode.swift; path = ChooseCityViewModel.swift; sourceTree = "<group>"; };
		DFC3F5D529C34A1700A5AA9A /* UIView.swift */ = {isa = PBXFileReference; lastKnownFileType = sourcecode.swift; path = UIView.swift; sourceTree = "<group>"; };
		DFC3F5D729C4626D00A5AA9A /* MainViewModel.swift */ = {isa = PBXFileReference; lastKnownFileType = sourcecode.swift; path = MainViewModel.swift; sourceTree = "<group>"; };
		DFC3F5DA29C4834300A5AA9A /* NetworkService.swift */ = {isa = PBXFileReference; lastKnownFileType = sourcecode.swift; path = NetworkService.swift; sourceTree = "<group>"; };
		DFC3F5DD29C4854600A5AA9A /* HttpHeader.swift */ = {isa = PBXFileReference; lastKnownFileType = sourcecode.swift; path = HttpHeader.swift; sourceTree = "<group>"; };
		DFC3F5DF29C4857F00A5AA9A /* HttpMethod.swift */ = {isa = PBXFileReference; lastKnownFileType = sourcecode.swift; path = HttpMethod.swift; sourceTree = "<group>"; };
		DFC3F5E129C49FF500A5AA9A /* NetworkErrors.swift */ = {isa = PBXFileReference; lastKnownFileType = sourcecode.swift; path = NetworkErrors.swift; sourceTree = "<group>"; };
		DFC3F5E329C4A03D00A5AA9A /* ProResult.swift */ = {isa = PBXFileReference; lastKnownFileType = sourcecode.swift; path = ProResult.swift; sourceTree = "<group>"; };
		DFC3F5E529C4A09300A5AA9A /* FailureModel.swift */ = {isa = PBXFileReference; lastKnownFileType = sourcecode.swift; path = FailureModel.swift; sourceTree = "<group>"; };
		DFC3F5E729C4A0EC00A5AA9A /* StatusCode.swift */ = {isa = PBXFileReference; lastKnownFileType = sourcecode.swift; path = StatusCode.swift; sourceTree = "<group>"; };
		DFC3F5EA29C4A8E000A5AA9A /* BaseRouter.swift */ = {isa = PBXFileReference; lastKnownFileType = sourcecode.swift; path = BaseRouter.swift; sourceTree = "<group>"; };
		DFC3F5EC29C4AA1B00A5AA9A /* UserDefaultsService.swift */ = {isa = PBXFileReference; lastKnownFileType = sourcecode.swift; path = UserDefaultsService.swift; sourceTree = "<group>"; };
		DFC3F5EE29C7754400A5AA9A /* LoginRouter.swift */ = {isa = PBXFileReference; lastKnownFileType = sourcecode.swift; path = LoginRouter.swift; sourceTree = "<group>"; };
		DFC3F5F029C7834800A5AA9A /* LoginService.swift */ = {isa = PBXFileReference; lastKnownFileType = sourcecode.swift; path = LoginService.swift; sourceTree = "<group>"; };
		DFC3F5F229C7835600A5AA9A /* LoginServiceModel.swift */ = {isa = PBXFileReference; lastKnownFileType = sourcecode.swift; path = LoginServiceModel.swift; sourceTree = "<group>"; };
		DFC3F5F429C7843300A5AA9A /* RegisterServiceModel.swift */ = {isa = PBXFileReference; lastKnownFileType = sourcecode.swift; path = RegisterServiceModel.swift; sourceTree = "<group>"; };
		DFC3F5F629C784E100A5AA9A /* RegisterRouter.swift */ = {isa = PBXFileReference; lastKnownFileType = sourcecode.swift; path = RegisterRouter.swift; sourceTree = "<group>"; };
		DFC3F5F829C7867400A5AA9A /* RegisterViewModel.swift */ = {isa = PBXFileReference; lastKnownFileType = sourcecode.swift; path = RegisterViewModel.swift; sourceTree = "<group>"; };
		DFC3F5FA29CB3D6400A5AA9A /* TryAgainResult.swift */ = {isa = PBXFileReference; lastKnownFileType = sourcecode.swift; path = TryAgainResult.swift; sourceTree = "<group>"; };
		DFC3F5FC29CB6D8900A5AA9A /* ChangePassword.swift */ = {isa = PBXFileReference; lastKnownFileType = sourcecode.swift; path = ChangePassword.swift; sourceTree = "<group>"; };
		E5FE9BD021A6269E620A205F /* Pods_GirlsForGirls.framework */ = {isa = PBXFileReference; explicitFileType = wrapper.framework; includeInIndex = 0; path = Pods_GirlsForGirls.framework; sourceTree = BUILT_PRODUCTS_DIR; };
		ED6EA628A0F4B3EC3B47733E /* Pods-GirlsForGirls.debug.xcconfig */ = {isa = PBXFileReference; includeInIndex = 1; lastKnownFileType = text.xcconfig; name = "Pods-GirlsForGirls.debug.xcconfig"; path = "Target Support Files/Pods-GirlsForGirls/Pods-GirlsForGirls.debug.xcconfig"; sourceTree = "<group>"; };
/* End PBXFileReference section */

/* Begin PBXFrameworksBuildPhase section */
		DF54C1D629A0CE3C00F97608 /* Frameworks */ = {
			isa = PBXFrameworksBuildPhase;
			buildActionMask = 2147483647;
			files = (
				644634C43AACE0706496E8ED /* Pods_GirlsForGirls.framework in Frameworks */,
			);
			runOnlyForDeploymentPostprocessing = 0;
		};
/* End PBXFrameworksBuildPhase section */

/* Begin PBXGroup section */
		184B1CC50F65FD004A465C11 /* Frameworks */ = {
			isa = PBXGroup;
			children = (
				E5FE9BD021A6269E620A205F /* Pods_GirlsForGirls.framework */,
			);
			name = Frameworks;
			sourceTree = "<group>";
		};
		794CC8DDB3020526059E6207 /* Pods */ = {
			isa = PBXGroup;
			children = (
				ED6EA628A0F4B3EC3B47733E /* Pods-GirlsForGirls.debug.xcconfig */,
				6C7AB199A8222AEA729914BA /* Pods-GirlsForGirls.release.xcconfig */,
			);
			path = Pods;
			sourceTree = "<group>";
		};
		DF54C1D029A0CE3C00F97608 = {
			isa = PBXGroup;
			children = (
				DF54C20829A2B5B200F97608 /* swiftgen.yml */,
				DF54C1DB29A0CE3C00F97608 /* GirlsForGirls */,
				DF54C1DA29A0CE3C00F97608 /* Products */,
				794CC8DDB3020526059E6207 /* Pods */,
				184B1CC50F65FD004A465C11 /* Frameworks */,
			);
			sourceTree = "<group>";
		};
		DF54C1DA29A0CE3C00F97608 /* Products */ = {
			isa = PBXGroup;
			children = (
				DF54C1D929A0CE3C00F97608 /* GirlsForGirls.app */,
			);
			name = Products;
			sourceTree = "<group>";
		};
		DF54C1DB29A0CE3C00F97608 /* GirlsForGirls */ = {
			isa = PBXGroup;
			children = (
				DF54C1F429A0CF0D00F97608 /* Modules */,
				DF54C1F329A0CF0000F97608 /* Resources */,
				DFB7F61C29A9399F00C76920 /* Services */,
				DF54C1F229A0CEF100F97608 /* Components */,
				DF54C1F129A0CEDD00F97608 /* Extensions */,
				DF54C1F029A0CED800F97608 /* Base */,
			);
			path = GirlsForGirls;
			sourceTree = "<group>";
		};
		DF54C1F029A0CED800F97608 /* Base */ = {
			isa = PBXGroup;
			children = (
				DF54C23729A383D000F97608 /* BaseViewController.swift */,
			);
			path = Base;
			sourceTree = "<group>";
		};
		DF54C1F129A0CEDD00F97608 /* Extensions */ = {
			isa = PBXGroup;
			children = (
				DF54C1FB29A29D0100F97608 /* Textfield.swift */,
				DF54C1FD29A2AB6D00F97608 /* UIColor.swift */,
				DFB7F60F29A7D68400C76920 /* CollectionView.swift */,
				DFC3F5D529C34A1700A5AA9A /* UIView.swift */,
			);
			path = Extensions;
			sourceTree = "<group>";
		};
		DF54C1F229A0CEF100F97608 /* Components */ = {
			isa = PBXGroup;
			children = (
				DF54C1F729A0CF7100F97608 /* TextField.swift */,
				DFB7F61829A92F4E00C76920 /* PhoneField.swift */,
				DF54C23129A363F500F97608 /* VerifyCodeFields.swift */,
				DF54C22B29A2C5E000F97608 /* Button.swift */,
				DF54C1F929A0D02400F97608 /* PasswordTextfield.swift */,
				DF54C24629A543F800F97608 /* Label.swift */,
				DFB7F60A29A777B800C76920 /* HeaderView.swift */,
				DFB7F61629A916E900C76920 /* FieldValidations.swift */,
			);
			path = Components;
			sourceTree = "<group>";
		};
		DF54C1F329A0CF0000F97608 /* Resources */ = {
			isa = PBXGroup;
			children = (
				DF54C20629A2B2EE00F97608 /* swiftgen */,
				DF54C1DC29A0CE3C00F97608 /* AppDelegate.swift */,
				DFB7F61429A90C1E00C76920 /* GoogleService-Info.plist */,
				DF54C24429A538A000F97608 /* Assets.xcassets */,
				DF54C1DE29A0CE3C00F97608 /* SceneDelegate.swift */,
				DF54C1E729A0CE4100F97608 /* LaunchScreen.storyboard */,
				DF54C1EA29A0CE4100F97608 /* Info.plist */,
			);
			path = Resources;
			sourceTree = "<group>";
		};
		DF54C1F429A0CF0D00F97608 /* Modules */ = {
			isa = PBXGroup;
			children = (
				DFB7F60729A76C0E00C76920 /* ProfileVC */,
				DFB7F60429A76BED00C76920 /* StoreVC */,
				DFB7F60129A76BBA00C76920 /* MentorsVC */,
				DFB7F5FE29A76B7D00C76920 /* MainVC */,
				DF54C24829A559EB00F97608 /* TabBar */,
				DF54C1F529A0CF3000F97608 /* Auth */,
			);
			path = Modules;
			sourceTree = "<group>";
		};
		DF54C1F529A0CF3000F97608 /* Auth */ = {
			isa = PBXGroup;
			children = (
				DF54C24129A51D6000F97608 /* Verification */,
				DF54C23E29A39BFE00F97608 /* ChooseCity */,
				DF54C23B29A3933F00F97608 /* Register */,
				DF54C23529A37AB900F97608 /* SetNewPassword */,
				DF54C22E29A3541B00F97608 /* ForgotPassword */,
				DF54C1F629A0CF3600F97608 /* Login */,
			);
			path = Auth;
			sourceTree = "<group>";
		};
		DF54C1F629A0CF3600F97608 /* Login */ = {
			isa = PBXGroup;
			children = (
				DF54C1E029A0CE3C00F97608 /* LoginViewController.swift */,
				DFB7F61A29A936DB00C76920 /* LoginViewModel.swift */,
				DFC3F5F229C7835600A5AA9A /* LoginServiceModel.swift */,
				DFC3F5F029C7834800A5AA9A /* LoginService.swift */,
			);
			path = Login;
			sourceTree = "<group>";
		};
		DF54C20629A2B2EE00F97608 /* swiftgen */ = {
			isa = PBXGroup;
			children = (
			);
			path = swiftgen;
			sourceTree = "<group>";
		};
		DF54C22E29A3541B00F97608 /* ForgotPassword */ = {
			isa = PBXGroup;
			children = (
				DF54C22F29A3564000F97608 /* ForgotPassword.swift */,
				DFB7F62229A95A0E00C76920 /* ForgotPasswordViewModel.swift */,
			);
			path = ForgotPassword;
			sourceTree = "<group>";
		};
		DF54C23529A37AB900F97608 /* SetNewPassword */ = {
			isa = PBXGroup;
			children = (
				DF54C23329A37AB300F97608 /* SetNewPassword.swift */,
				DF54C23929A390C400F97608 /* Welcome.swift */,
			);
			path = SetNewPassword;
			sourceTree = "<group>";
		};
		DF54C23B29A3933F00F97608 /* Register */ = {
			isa = PBXGroup;
			children = (
				DF54C23C29A395A600F97608 /* RegisterViewController.swift */,
				DFC3F5F429C7843300A5AA9A /* RegisterServiceModel.swift */,
				DFC3F5F829C7867400A5AA9A /* RegisterViewModel.swift */,
			);
			path = Register;
			sourceTree = "<group>";
		};
		DF54C23E29A39BFE00F97608 /* ChooseCity */ = {
			isa = PBXGroup;
			children = (
				DF54C23F29A39C3300F97608 /* ChooseCity.swift */,
				DFB7F62429A9764900C76920 /* ChooseCityViewModel.swift */,
			);
			path = ChooseCity;
			sourceTree = "<group>";
		};
		DF54C24129A51D6000F97608 /* Verification */ = {
			isa = PBXGroup;
			children = (
				DF54C24229A51D9100F97608 /* VerificationViewController.swift */,
				DFB7F62029A9529E00C76920 /* VerificationViewModel.swift */,
			);
			path = Verification;
			sourceTree = "<group>";
		};
		DF54C24829A559EB00F97608 /* TabBar */ = {
			isa = PBXGroup;
			children = (
				DF54C24929A55A0900F97608 /* TabBarController.swift */,
				DF53365029A76A8C005A5351 /* ViewControllerType.swift */,
			);
			path = TabBar;
			sourceTree = "<group>";
		};
		DFB7F5FE29A76B7D00C76920 /* MainVC */ = {
			isa = PBXGroup;
			children = (
				DFB7F5FF29A76B9100C76920 /* MainViewController.swift */,
				DFC3F5D729C4626D00A5AA9A /* MainViewModel.swift */,
				DFB7F61329A7E68800C76920 /* Cell */,
			);
			path = MainVC;
			sourceTree = "<group>";
		};
		DFB7F60129A76BBA00C76920 /* MentorsVC */ = {
			isa = PBXGroup;
			children = (
				DFB7F60229A76BD000C76920 /* MentorsViewController.swift */,
			);
			path = MentorsVC;
			sourceTree = "<group>";
		};
		DFB7F60429A76BED00C76920 /* StoreVC */ = {
			isa = PBXGroup;
			children = (
				DFB7F60529A76BFC00C76920 /* StoreVIewController.swift */,
			);
			path = StoreVC;
			sourceTree = "<group>";
		};
		DFB7F60729A76C0E00C76920 /* ProfileVC */ = {
			isa = PBXGroup;
			children = (
				DFB7F60829A76C1E00C76920 /* ProfileViewController.swift */,
			);
			path = ProfileVC;
			sourceTree = "<group>";
		};
		DFB7F61329A7E68800C76920 /* Cell */ = {
			isa = PBXGroup;
			children = (
				DFB7F61129A7E5BA00C76920 /* PostsViewCellModel.swift */,
				DFB7F60C29A7D61100C76920 /* PostsCollectionViewCell.swift */,
			);
			path = Cell;
			sourceTree = "<group>";
		};
		DFB7F61C29A9399F00C76920 /* Services */ = {
			isa = PBXGroup;
			children = (
				DFC3F5D929C4831C00A5AA9A /* Network */,
				DFB7F61D29A939B100C76920 /* Firebase Auth  */,
			);
			path = Services;
			sourceTree = "<group>";
		};
		DFB7F61D29A939B100C76920 /* Firebase Auth  */ = {
			isa = PBXGroup;
			children = (
				DFB7F61E29A939CA00C76920 /* AuthManager.swift */,
			);
			path = "Firebase Auth ";
			sourceTree = "<group>";
		};
		DFC3F5D929C4831C00A5AA9A /* Network */ = {
			isa = PBXGroup;
			children = (
				DFC3F5E929C4A15B00A5AA9A /* Routers */,
				DFC3F5DC29C484AC00A5AA9A /* NetworkStuff */,
				DFC3F5DA29C4834300A5AA9A /* NetworkService.swift */,
				DFC3F5FA29CB3D6400A5AA9A /* TryAgainResult.swift */,
				DFC3F5E529C4A09300A5AA9A /* FailureModel.swift */,
				DFC3F5EC29C4AA1B00A5AA9A /* UserDefaultsService.swift */,
			);
			path = Network;
			sourceTree = "<group>";
		};
		DFC3F5DC29C484AC00A5AA9A /* NetworkStuff */ = {
			isa = PBXGroup;
			children = (
				DFC3F5DD29C4854600A5AA9A /* HttpHeader.swift */,
				DFC3F5DF29C4857F00A5AA9A /* HttpMethod.swift */,
				DFC3F5E129C49FF500A5AA9A /* NetworkErrors.swift */,
				DFC3F5E329C4A03D00A5AA9A /* ProResult.swift */,
				DFC3F5E729C4A0EC00A5AA9A /* StatusCode.swift */,
			);
			path = NetworkStuff;
			sourceTree = "<group>";
		};
		DFC3F5E929C4A15B00A5AA9A /* Routers */ = {
			isa = PBXGroup;
			children = (
				DFC3F5EA29C4A8E000A5AA9A /* BaseRouter.swift */,
				DFC3F5EE29C7754400A5AA9A /* LoginRouter.swift */,
				DFC3F5F629C784E100A5AA9A /* RegisterRouter.swift */,
				DFC3F5FC29CB6D8900A5AA9A /* ChangePassword.swift */,
			);
			path = Routers;
			sourceTree = "<group>";
		};
/* End PBXGroup section */

/* Begin PBXNativeTarget section */
		DF54C1D829A0CE3C00F97608 /* GirlsForGirls */ = {
			isa = PBXNativeTarget;
			buildConfigurationList = DF54C1ED29A0CE4100F97608 /* Build configuration list for PBXNativeTarget "GirlsForGirls" */;
			buildPhases = (
				3D49537FAFA08912DEF1D0C3 /* [CP] Check Pods Manifest.lock */,
				DF54C1D529A0CE3C00F97608 /* Sources */,
				DF54C1D629A0CE3C00F97608 /* Frameworks */,
				DF54C1D729A0CE3C00F97608 /* Resources */,
				AEB51BA58330CB581083FC12 /* [CP] Embed Pods Frameworks */,
			);
			buildRules = (
			);
			dependencies = (
			);
			name = GirlsForGirls;
			productName = GirlsForGirls;
			productReference = DF54C1D929A0CE3C00F97608 /* GirlsForGirls.app */;
			productType = "com.apple.product-type.application";
		};
/* End PBXNativeTarget section */

/* Begin PBXProject section */
		DF54C1D129A0CE3C00F97608 /* Project object */ = {
			isa = PBXProject;
			attributes = {
				BuildIndependentTargetsInParallel = 1;
				LastSwiftUpdateCheck = 1320;
				LastUpgradeCheck = 1320;
				TargetAttributes = {
					DF54C1D829A0CE3C00F97608 = {
						CreatedOnToolsVersion = 13.2.1;
					};
				};
			};
			buildConfigurationList = DF54C1D429A0CE3C00F97608 /* Build configuration list for PBXProject "GirlsForGirls" */;
			compatibilityVersion = "Xcode 13.0";
			developmentRegion = en;
			hasScannedForEncodings = 0;
			knownRegions = (
				en,
				Base,
			);
			mainGroup = DF54C1D029A0CE3C00F97608;
			productRefGroup = DF54C1DA29A0CE3C00F97608 /* Products */;
			projectDirPath = "";
			projectRoot = "";
			targets = (
				DF54C1D829A0CE3C00F97608 /* GirlsForGirls */,
			);
		};
/* End PBXProject section */

/* Begin PBXResourcesBuildPhase section */
		DF54C1D729A0CE3C00F97608 /* Resources */ = {
			isa = PBXResourcesBuildPhase;
			buildActionMask = 2147483647;
			files = (
				DF54C24529A538A000F97608 /* Assets.xcassets in Resources */,
				DF54C1E929A0CE4100F97608 /* LaunchScreen.storyboard in Resources */,
				DFB7F61529A90C1E00C76920 /* GoogleService-Info.plist in Resources */,
			);
			runOnlyForDeploymentPostprocessing = 0;
		};
/* End PBXResourcesBuildPhase section */

/* Begin PBXShellScriptBuildPhase section */
		3D49537FAFA08912DEF1D0C3 /* [CP] Check Pods Manifest.lock */ = {
			isa = PBXShellScriptBuildPhase;
			buildActionMask = 2147483647;
			files = (
			);
			inputFileListPaths = (
			);
			inputPaths = (
				"${PODS_PODFILE_DIR_PATH}/Podfile.lock",
				"${PODS_ROOT}/Manifest.lock",
			);
			name = "[CP] Check Pods Manifest.lock";
			outputFileListPaths = (
			);
			outputPaths = (
				"$(DERIVED_FILE_DIR)/Pods-GirlsForGirls-checkManifestLockResult.txt",
			);
			runOnlyForDeploymentPostprocessing = 0;
			shellPath = /bin/sh;
			shellScript = "diff \"${PODS_PODFILE_DIR_PATH}/Podfile.lock\" \"${PODS_ROOT}/Manifest.lock\" > /dev/null\nif [ $? != 0 ] ; then\n    # print error to STDERR\n    echo \"error: The sandbox is not in sync with the Podfile.lock. Run 'pod install' or update your CocoaPods installation.\" >&2\n    exit 1\nfi\n# This output is used by Xcode 'outputs' to avoid re-running this script phase.\necho \"SUCCESS\" > \"${SCRIPT_OUTPUT_FILE_0}\"\n";
			showEnvVarsInLog = 0;
		};
		AEB51BA58330CB581083FC12 /* [CP] Embed Pods Frameworks */ = {
			isa = PBXShellScriptBuildPhase;
			buildActionMask = 2147483647;
			files = (
			);
			inputFileListPaths = (
				"${PODS_ROOT}/Target Support Files/Pods-GirlsForGirls/Pods-GirlsForGirls-frameworks-${CONFIGURATION}-input-files.xcfilelist",
			);
			name = "[CP] Embed Pods Frameworks";
			outputFileListPaths = (
				"${PODS_ROOT}/Target Support Files/Pods-GirlsForGirls/Pods-GirlsForGirls-frameworks-${CONFIGURATION}-output-files.xcfilelist",
			);
			runOnlyForDeploymentPostprocessing = 0;
			shellPath = /bin/sh;
			shellScript = "\"${PODS_ROOT}/Target Support Files/Pods-GirlsForGirls/Pods-GirlsForGirls-frameworks.sh\"\n";
			showEnvVarsInLog = 0;
		};
/* End PBXShellScriptBuildPhase section */

/* Begin PBXSourcesBuildPhase section */
		DF54C1D529A0CE3C00F97608 /* Sources */ = {
			isa = PBXSourcesBuildPhase;
			buildActionMask = 2147483647;
			files = (
				DF54C1E129A0CE3C00F97608 /* LoginViewController.swift in Sources */,
				DF54C24029A39C3300F97608 /* ChooseCity.swift in Sources */,
				DF54C1FE29A2AB6D00F97608 /* UIColor.swift in Sources */,
				DFB7F60329A76BD000C76920 /* MentorsViewController.swift in Sources */,
				DF54C24A29A55A0900F97608 /* TabBarController.swift in Sources */,
				DFB7F62129A9529E00C76920 /* VerificationViewModel.swift in Sources */,
				DFB7F62329A95A0E00C76920 /* ForgotPasswordViewModel.swift in Sources */,
				DFC3F5EB29C4A8E000A5AA9A /* BaseRouter.swift in Sources */,
				DFC3F5FD29CB6D8900A5AA9A /* ChangePassword.swift in Sources */,
				DFB7F61929A92F4E00C76920 /* PhoneField.swift in Sources */,
				DFC3F5DE29C4854600A5AA9A /* HttpHeader.swift in Sources */,
				DF54C23429A37AB300F97608 /* SetNewPassword.swift in Sources */,
				DFC3F5FB29CB3D6500A5AA9A /* TryAgainResult.swift in Sources */,
				DF54C1FC29A29D0200F97608 /* Textfield.swift in Sources */,
				DFC3F5D629C34A1700A5AA9A /* UIView.swift in Sources */,
				DFC3F5E629C4A09300A5AA9A /* FailureModel.swift in Sources */,
				DFB7F61B29A936DC00C76920 /* LoginViewModel.swift in Sources */,
				DFB7F60B29A777B800C76920 /* HeaderView.swift in Sources */,
				DFC3F5DB29C4834300A5AA9A /* NetworkService.swift in Sources */,
				DF54C23D29A395A600F97608 /* RegisterViewController.swift in Sources */,
				DFB7F61F29A939CA00C76920 /* AuthManager.swift in Sources */,
				DF54C22C29A2C5E000F97608 /* Button.swift in Sources */,
				DF54C23829A383D000F97608 /* BaseViewController.swift in Sources */,
				DFC3F5F729C784E100A5AA9A /* RegisterRouter.swift in Sources */,
				DFC3F5F529C7843300A5AA9A /* RegisterServiceModel.swift in Sources */,
				DF54C23A29A390C400F97608 /* Welcome.swift in Sources */,
				DF54C1F829A0CF7100F97608 /* TextField.swift in Sources */,
				DF53365129A76A8C005A5351 /* ViewControllerType.swift in Sources */,
				DF54C1FA29A0D02400F97608 /* PasswordTextfield.swift in Sources */,
				DF54C24329A51D9100F97608 /* VerificationViewController.swift in Sources */,
				DFB7F61229A7E5BA00C76920 /* PostsViewCellModel.swift in Sources */,
				DFB7F60929A76C1E00C76920 /* ProfileViewController.swift in Sources */,
				DF54C1DD29A0CE3C00F97608 /* AppDelegate.swift in Sources */,
				DFB7F61029A7D68400C76920 /* CollectionView.swift in Sources */,
				DFC3F5E029C4857F00A5AA9A /* HttpMethod.swift in Sources */,
				DFB7F60629A76BFC00C76920 /* StoreVIewController.swift in Sources */,
				DFC3F5EF29C7754500A5AA9A /* LoginRouter.swift in Sources */,
				DF54C1DF29A0CE3C00F97608 /* SceneDelegate.swift in Sources */,
				DF54C24729A543F800F97608 /* Label.swift in Sources */,
				DF54C23029A3564000F97608 /* ForgotPassword.swift in Sources */,
				DF54C23229A363F500F97608 /* VerifyCodeFields.swift in Sources */,
				DFB7F60D29A7D61100C76920 /* PostsCollectionViewCell.swift in Sources */,
				DFC3F5E829C4A0EC00A5AA9A /* StatusCode.swift in Sources */,
				DFC3F5E429C4A03D00A5AA9A /* ProResult.swift in Sources */,
				DFB7F60029A76B9100C76920 /* MainViewController.swift in Sources */,
				DFC3F5F929C7867400A5AA9A /* RegisterViewModel.swift in Sources */,
				DFB7F62529A9764900C76920 /* ChooseCityViewModel.swift in Sources */,
				DFC3F5E229C49FF500A5AA9A /* NetworkErrors.swift in Sources */,
				DFC3F5ED29C4AA1B00A5AA9A /* UserDefaultsService.swift in Sources */,
				DFC3F5F129C7834800A5AA9A /* LoginService.swift in Sources */,
				DFC3F5F329C7835600A5AA9A /* LoginServiceModel.swift in Sources */,
				DFB7F61729A916E900C76920 /* FieldValidations.swift in Sources */,
				DFC3F5D829C4626D00A5AA9A /* MainViewModel.swift in Sources */,
			);
			runOnlyForDeploymentPostprocessing = 0;
		};
/* End PBXSourcesBuildPhase section */

/* Begin PBXVariantGroup section */
		DF54C1E729A0CE4100F97608 /* LaunchScreen.storyboard */ = {
			isa = PBXVariantGroup;
			children = (
				DF54C1E829A0CE4100F97608 /* Base */,
			);
			name = LaunchScreen.storyboard;
			sourceTree = "<group>";
		};
/* End PBXVariantGroup section */

/* Begin XCBuildConfiguration section */
		DF54C1EB29A0CE4100F97608 /* Debug */ = {
			isa = XCBuildConfiguration;
			buildSettings = {
				ALWAYS_SEARCH_USER_PATHS = NO;
				CLANG_ANALYZER_NONNULL = YES;
				CLANG_ANALYZER_NUMBER_OBJECT_CONVERSION = YES_AGGRESSIVE;
				CLANG_CXX_LANGUAGE_STANDARD = "gnu++17";
				CLANG_CXX_LIBRARY = "libc++";
				CLANG_ENABLE_MODULES = YES;
				CLANG_ENABLE_OBJC_ARC = YES;
				CLANG_ENABLE_OBJC_WEAK = YES;
				CLANG_WARN_BLOCK_CAPTURE_AUTORELEASING = YES;
				CLANG_WARN_BOOL_CONVERSION = YES;
				CLANG_WARN_COMMA = YES;
				CLANG_WARN_CONSTANT_CONVERSION = YES;
				CLANG_WARN_DEPRECATED_OBJC_IMPLEMENTATIONS = YES;
				CLANG_WARN_DIRECT_OBJC_ISA_USAGE = YES_ERROR;
				CLANG_WARN_DOCUMENTATION_COMMENTS = YES;
				CLANG_WARN_EMPTY_BODY = YES;
				CLANG_WARN_ENUM_CONVERSION = YES;
				CLANG_WARN_INFINITE_RECURSION = YES;
				CLANG_WARN_INT_CONVERSION = YES;
				CLANG_WARN_NON_LITERAL_NULL_CONVERSION = YES;
				CLANG_WARN_OBJC_IMPLICIT_RETAIN_SELF = YES;
				CLANG_WARN_OBJC_LITERAL_CONVERSION = YES;
				CLANG_WARN_OBJC_ROOT_CLASS = YES_ERROR;
				CLANG_WARN_QUOTED_INCLUDE_IN_FRAMEWORK_HEADER = YES;
				CLANG_WARN_RANGE_LOOP_ANALYSIS = YES;
				CLANG_WARN_STRICT_PROTOTYPES = YES;
				CLANG_WARN_SUSPICIOUS_MOVE = YES;
				CLANG_WARN_UNGUARDED_AVAILABILITY = YES_AGGRESSIVE;
				CLANG_WARN_UNREACHABLE_CODE = YES;
				CLANG_WARN__DUPLICATE_METHOD_MATCH = YES;
				COPY_PHASE_STRIP = NO;
				DEBUG_INFORMATION_FORMAT = dwarf;
				ENABLE_STRICT_OBJC_MSGSEND = YES;
				ENABLE_TESTABILITY = YES;
				GCC_C_LANGUAGE_STANDARD = gnu11;
				GCC_DYNAMIC_NO_PIC = NO;
				GCC_NO_COMMON_BLOCKS = YES;
				GCC_OPTIMIZATION_LEVEL = 0;
				GCC_PREPROCESSOR_DEFINITIONS = (
					"DEBUG=1",
					"$(inherited)",
				);
				GCC_WARN_64_TO_32_BIT_CONVERSION = YES;
				GCC_WARN_ABOUT_RETURN_TYPE = YES_ERROR;
				GCC_WARN_UNDECLARED_SELECTOR = YES;
				GCC_WARN_UNINITIALIZED_AUTOS = YES_AGGRESSIVE;
				GCC_WARN_UNUSED_FUNCTION = YES;
				GCC_WARN_UNUSED_VARIABLE = YES;
				IPHONEOS_DEPLOYMENT_TARGET = 15.2;
				MTL_ENABLE_DEBUG_INFO = INCLUDE_SOURCE;
				MTL_FAST_MATH = YES;
				ONLY_ACTIVE_ARCH = YES;
				SDKROOT = iphoneos;
				SWIFT_ACTIVE_COMPILATION_CONDITIONS = DEBUG;
				SWIFT_OPTIMIZATION_LEVEL = "-Onone";
			};
			name = Debug;
		};
		DF54C1EC29A0CE4100F97608 /* Release */ = {
			isa = XCBuildConfiguration;
			buildSettings = {
				ALWAYS_SEARCH_USER_PATHS = NO;
				CLANG_ANALYZER_NONNULL = YES;
				CLANG_ANALYZER_NUMBER_OBJECT_CONVERSION = YES_AGGRESSIVE;
				CLANG_CXX_LANGUAGE_STANDARD = "gnu++17";
				CLANG_CXX_LIBRARY = "libc++";
				CLANG_ENABLE_MODULES = YES;
				CLANG_ENABLE_OBJC_ARC = YES;
				CLANG_ENABLE_OBJC_WEAK = YES;
				CLANG_WARN_BLOCK_CAPTURE_AUTORELEASING = YES;
				CLANG_WARN_BOOL_CONVERSION = YES;
				CLANG_WARN_COMMA = YES;
				CLANG_WARN_CONSTANT_CONVERSION = YES;
				CLANG_WARN_DEPRECATED_OBJC_IMPLEMENTATIONS = YES;
				CLANG_WARN_DIRECT_OBJC_ISA_USAGE = YES_ERROR;
				CLANG_WARN_DOCUMENTATION_COMMENTS = YES;
				CLANG_WARN_EMPTY_BODY = YES;
				CLANG_WARN_ENUM_CONVERSION = YES;
				CLANG_WARN_INFINITE_RECURSION = YES;
				CLANG_WARN_INT_CONVERSION = YES;
				CLANG_WARN_NON_LITERAL_NULL_CONVERSION = YES;
				CLANG_WARN_OBJC_IMPLICIT_RETAIN_SELF = YES;
				CLANG_WARN_OBJC_LITERAL_CONVERSION = YES;
				CLANG_WARN_OBJC_ROOT_CLASS = YES_ERROR;
				CLANG_WARN_QUOTED_INCLUDE_IN_FRAMEWORK_HEADER = YES;
				CLANG_WARN_RANGE_LOOP_ANALYSIS = YES;
				CLANG_WARN_STRICT_PROTOTYPES = YES;
				CLANG_WARN_SUSPICIOUS_MOVE = YES;
				CLANG_WARN_UNGUARDED_AVAILABILITY = YES_AGGRESSIVE;
				CLANG_WARN_UNREACHABLE_CODE = YES;
				CLANG_WARN__DUPLICATE_METHOD_MATCH = YES;
				COPY_PHASE_STRIP = NO;
				DEBUG_INFORMATION_FORMAT = "dwarf-with-dsym";
				ENABLE_NS_ASSERTIONS = NO;
				ENABLE_STRICT_OBJC_MSGSEND = YES;
				GCC_C_LANGUAGE_STANDARD = gnu11;
				GCC_NO_COMMON_BLOCKS = YES;
				GCC_WARN_64_TO_32_BIT_CONVERSION = YES;
				GCC_WARN_ABOUT_RETURN_TYPE = YES_ERROR;
				GCC_WARN_UNDECLARED_SELECTOR = YES;
				GCC_WARN_UNINITIALIZED_AUTOS = YES_AGGRESSIVE;
				GCC_WARN_UNUSED_FUNCTION = YES;
				GCC_WARN_UNUSED_VARIABLE = YES;
				IPHONEOS_DEPLOYMENT_TARGET = 15.2;
				MTL_ENABLE_DEBUG_INFO = NO;
				MTL_FAST_MATH = YES;
				SDKROOT = iphoneos;
				SWIFT_COMPILATION_MODE = wholemodule;
				SWIFT_OPTIMIZATION_LEVEL = "-O";
				VALIDATE_PRODUCT = YES;
			};
			name = Release;
		};
		DF54C1EE29A0CE4100F97608 /* Debug */ = {
			isa = XCBuildConfiguration;
			baseConfigurationReference = ED6EA628A0F4B3EC3B47733E /* Pods-GirlsForGirls.debug.xcconfig */;
			buildSettings = {
				ASSETCATALOG_COMPILER_APPICON_NAME = AppIcon;
				ASSETCATALOG_COMPILER_GLOBAL_ACCENT_COLOR_NAME = AccentColor;
				CODE_SIGN_STYLE = Automatic;
				CURRENT_PROJECT_VERSION = 1;
				DEVELOPMENT_TEAM = LVSJW2PGC3;
				GENERATE_INFOPLIST_FILE = YES;
				INFOPLIST_FILE = GirlsForGirls/Info.plist;
				INFOPLIST_KEY_UIApplicationSupportsIndirectInputEvents = YES;
				INFOPLIST_KEY_UILaunchStoryboardName = LaunchScreen;
				INFOPLIST_KEY_UISupportedInterfaceOrientations_iPad = "UIInterfaceOrientationPortrait UIInterfaceOrientationPortraitUpsideDown UIInterfaceOrientationLandscapeLeft UIInterfaceOrientationLandscapeRight";
				INFOPLIST_KEY_UISupportedInterfaceOrientations_iPhone = "UIInterfaceOrientationPortrait UIInterfaceOrientationLandscapeLeft UIInterfaceOrientationLandscapeRight";
				LD_RUNPATH_SEARCH_PATHS = (
					"$(inherited)",
					"@executable_path/Frameworks",
				);
				MARKETING_VERSION = 1.0;
				PRODUCT_BUNDLE_IDENTIFIER = zalkar.GirlsForGirls;
				PRODUCT_NAME = "$(TARGET_NAME)";
				SWIFT_EMIT_LOC_STRINGS = YES;
				SWIFT_VERSION = 5.0;
				TARGETED_DEVICE_FAMILY = "1,2";
			};
			name = Debug;
		};
		DF54C1EF29A0CE4100F97608 /* Release */ = {
			isa = XCBuildConfiguration;
			baseConfigurationReference = 6C7AB199A8222AEA729914BA /* Pods-GirlsForGirls.release.xcconfig */;
			buildSettings = {
				ASSETCATALOG_COMPILER_APPICON_NAME = AppIcon;
				ASSETCATALOG_COMPILER_GLOBAL_ACCENT_COLOR_NAME = AccentColor;
				CODE_SIGN_STYLE = Automatic;
				CURRENT_PROJECT_VERSION = 1;
				DEVELOPMENT_TEAM = LVSJW2PGC3;
				GENERATE_INFOPLIST_FILE = YES;
				INFOPLIST_FILE = GirlsForGirls/Info.plist;
				INFOPLIST_KEY_UIApplicationSupportsIndirectInputEvents = YES;
				INFOPLIST_KEY_UILaunchStoryboardName = LaunchScreen;
				INFOPLIST_KEY_UISupportedInterfaceOrientations_iPad = "UIInterfaceOrientationPortrait UIInterfaceOrientationPortraitUpsideDown UIInterfaceOrientationLandscapeLeft UIInterfaceOrientationLandscapeRight";
				INFOPLIST_KEY_UISupportedInterfaceOrientations_iPhone = "UIInterfaceOrientationPortrait UIInterfaceOrientationLandscapeLeft UIInterfaceOrientationLandscapeRight";
				LD_RUNPATH_SEARCH_PATHS = (
					"$(inherited)",
					"@executable_path/Frameworks",
				);
				MARKETING_VERSION = 1.0;
				PRODUCT_BUNDLE_IDENTIFIER = zalkar.GirlsForGirls;
				PRODUCT_NAME = "$(TARGET_NAME)";
				SWIFT_EMIT_LOC_STRINGS = YES;
				SWIFT_VERSION = 5.0;
				TARGETED_DEVICE_FAMILY = "1,2";
			};
			name = Release;
		};
/* End XCBuildConfiguration section */

/* Begin XCConfigurationList section */
		DF54C1D429A0CE3C00F97608 /* Build configuration list for PBXProject "GirlsForGirls" */ = {
			isa = XCConfigurationList;
			buildConfigurations = (
				DF54C1EB29A0CE4100F97608 /* Debug */,
				DF54C1EC29A0CE4100F97608 /* Release */,
			);
			defaultConfigurationIsVisible = 0;
			defaultConfigurationName = Release;
		};
		DF54C1ED29A0CE4100F97608 /* Build configuration list for PBXNativeTarget "GirlsForGirls" */ = {
			isa = XCConfigurationList;
			buildConfigurations = (
				DF54C1EE29A0CE4100F97608 /* Debug */,
				DF54C1EF29A0CE4100F97608 /* Release */,
			);
			defaultConfigurationIsVisible = 0;
			defaultConfigurationName = Release;
		};
/* End XCConfigurationList section */
	};
	rootObject = DF54C1D129A0CE3C00F97608 /* Project object */;
}
